
Microsoft Visual Studio Solution File, Format Version 12.00
# Visual Studio Version 17
VisualStudioVersion = 17.5.33414.496
MinimumVisualStudioVersion = 10.0.40219.1
Project("{FAE04EC0-301F-11D3-BF4B-00C04F79EFBC}") = "QLBanHang", "QLBanHang\QLBanHang.csproj", "{721B3466-45C7-428C-A53C-6B1761BDDE74}"
EndProject
Global
	GlobalSection(SolutionConfigurationPlatforms) = preSolution
		Debug|Any CPU = Debug|Any CPU
		Release|Any CPU = Release|Any CPU
	EndGlobalSection
	GlobalSection(ProjectConfigurationPlatforms) = postSolution
		{721B3466-45C7-428C-A53C-6B1761BDDE74}.Debug|Any CPU.ActiveCfg = Debug|Any CPU
		{721B3466-45C7-428C-A53C-6B1761BDDE74}.Debug|Any CPU.Build.0 = Debug|Any CPU
		{721B3466-45C7-428C-A53C-6B1761BDDE74}.Release|Any CPU.ActiveCfg = Release|Any CPU
		{721B3466-45C7-428C-A53C-6B1761BDDE74}.Release|Any CPU.Build.0 = Release|Any CPU
	EndGlobalSection
	GlobalSection(SolutionProperties) = preSolution
		HideSolutionNode = FALSE
	EndGlobalSection
	GlobalSection(ExtensibilityGlobals) = postSolution
		SolutionGuid = {DD20CF88-7BF1-4DFF-83E0-7398B4F4714F}
	EndGlobalSection
EndGlobal
